
Microsoft Visual Studio Solution File, Format Version 12.00
# Visual Studio Version 17
VisualStudioVersion = 17.9.34607.119
MinimumVisualStudioVersion = 10.0.40219.1
Project("{FAE04EC0-301F-11D3-BF4B-00C04F79EFBC}") = "JobPortal1", "JobPortal1.csproj", "{31CA18FE-9ADF-44CC-9439-5C74725140C7}"
EndProject
Global
	GlobalSection(SolutionConfigurationPlatforms) = preSolution
		Debug|Any CPU = Debug|Any CPU
		Release|Any CPU = Release|Any CPU
	EndGlobalSection
	GlobalSection(ProjectConfigurationPlatforms) = postSolution
		{31CA18FE-9ADF-44CC-9439-5C74725140C7}.Debug|Any CPU.ActiveCfg = Debug|Any CPU
		{31CA18FE-9ADF-44CC-9439-5C74725140C7}.Debug|Any CPU.Build.0 = Debug|Any CPU
		{31CA18FE-9ADF-44CC-9439-5C74725140C7}.Release|Any CPU.ActiveCfg = Release|Any CPU
		{31CA18FE-9ADF-44CC-9439-5C74725140C7}.Release|Any CPU.Build.0 = Release|Any CPU
	EndGlobalSection
	GlobalSection(SolutionProperties) = preSolution
		HideSolutionNode = FALSE
	EndGlobalSection
	GlobalSection(ExtensibilityGlobals) = postSolution
		SolutionGuid = {954FE5F5-6236-4E55-8058-E6EBBD79B91D}
	EndGlobalSection
EndGlobal
